PODS:
  - IQKeyboardManagerSwift (6.5.9)
  - MobilliumBuilders (1.4.0)
  - MobilliumDateFormatter (1.2.0)
  - MobilliumUserDefaults (2.0.0)
  - SwiftLint (0.46.2)
  - TinyConstraints (4.0.2)

DEPENDENCIES:
  - IQKeyboardManagerSwift (~> 6.5)
  - MobilliumBuilders (~> 1.4)
  - MobilliumDateFormatter (~> 1.2)
  - MobilliumUserDefaults (~> 2.0)
  - SwiftLint (~> 0.44)
  - TinyConstraints (~> 4.0)

SPEC REPOS:
  trunk:
    - IQKeyboardManagerSwift
    - MobilliumBuilders
    - MobilliumDateFormatter
    - MobilliumUserDefaults
    - SwiftLint
    - TinyConstraints

SPEC CHECKSUMS:
  IQKeyboardManagerSwift: 6e839c575c4aa1078d58a596e41244e77abe918f
  MobilliumBuilders: 9990948aea3e132044431289dda869f524fcadac
  MobilliumDateFormatter: 398a47e62aeeda24385c362c61c213550b07f047
  MobilliumUserDefaults: 002aa4bb663127d2dcc0814c17430c918a1e1445
  SwiftLint: 6bc52a21f0fd44cab9aa2dc8e534fb9f5e3ec507
  TinyConstraints: 7b7ccc0c485bb3bb47082138ff28bc33cd49897f

PODFILE CHECKSUM: 3247fcfb9c0031730778586e4af9a8e4a5278c59

COCOAPODS: 1.11.2
